
Microsoft Visual Studio Solution File, Format Version 12.00
# Visual Studio 15
VisualStudioVersion = 15.0.26403.7
MinimumVisualStudioVersion = 10.0.40219.1
Project("{8BC9CEB8-8B4A-11D0-8D11-00A0C91BC942}") = "LoD4ptC", "LoD4ptC\LoD4ptC.vcxproj", "{EA476DC2-389E-4CF6-92AC-142218E37F71}"
EndProject
Project("{2150E333-8FDC-42A3-9474-1A3956D46DE8}") = "Solution Items", "Solution Items", "{C952C6D1-3571-4D41-8F15-0594AF3E02F0}"
	ProjectSection(SolutionItems) = preProject
		LoD4ptC\AntTweakBar\Readme.txt = LoD4ptC\AntTweakBar\Readme.txt
	EndProjectSection
EndProject
Global
	GlobalSection(SolutionConfigurationPlatforms) = preSolution
		Debug|x64 = Debug|x64
		Debug|x86 = Debug|x86
		Release|x64 = Release|x64
		Release|x86 = Release|x86
	EndGlobalSection
	GlobalSection(ProjectConfigurationPlatforms) = postSolution
		{EA476DC2-389E-4CF6-92AC-142218E37F71}.Debug|x64.ActiveCfg = Debug|x64
		{EA476DC2-389E-4CF6-92AC-142218E37F71}.Debug|x64.Build.0 = Debug|x64
		{EA476DC2-389E-4CF6-92AC-142218E37F71}.Debug|x86.ActiveCfg = Debug|Win32
		{EA476DC2-389E-4CF6-92AC-142218E37F71}.Debug|x86.Build.0 = Debug|Win32
		{EA476DC2-389E-4CF6-92AC-142218E37F71}.Release|x64.ActiveCfg = Release|x64
		{EA476DC2-389E-4CF6-92AC-142218E37F71}.Release|x64.Build.0 = Release|x64
		{EA476DC2-389E-4CF6-92AC-142218E37F71}.Release|x86.ActiveCfg = Release|Win32
		{EA476DC2-389E-4CF6-92AC-142218E37F71}.Release|x86.Build.0 = Release|Win32
	EndGlobalSection
	GlobalSection(SolutionProperties) = preSolution
		HideSolutionNode = FALSE
	EndGlobalSection
	GlobalSection(ExtensibilityGlobals) = postSolution
		SolutionGuid = {1FA05E41-805A-4BF8-97DB-B01AF1FA40F0}
	EndGlobalSection
EndGlobal
